gitlab.com/mjwhitta/cli v1.8.2 h1:M9u+RlYm3bsKTrZTHiS3RdRFL5quxuxHIoIDhBLJYxY=
gitlab.com/mjwhitta/cli v1.8.2/go.mod h1:mL238URUPKng2ISpF6z57S2OddeXnGx0R69E+UptRGE=
gitlab.com/mjwhitta/hilighter v1.9.3 h1:xiVtbQAnVSTVJmcPCayb9Btl3p6sC29Mus9xUbwjXT0=
gitlab.com/mjwhitta/hilighter v1.9.3/go.mod h1:0T6P+tDRWslt7pquXxK8z81f9FLroeZwpniB8RWDAoc=
gitlab.com/mjwhitta/log v1.4.5 h1:MP7b6JI5uhUg04mh+PVitJBQZ5SUj5YNLR0yqDZ0JL4=
gitlab.com/mjwhitta/log v1.4.5/go.mod h1:je2GsS8ysJvTwCoYHl9fl70+SEgPsIhgivo0T7XOFxU=
gitlab.com/mjwhitta/pathname v1.0.9 h1:5nXh0FniuMxB1Bpc5hC2ZtRlff8HnDOvn8lfDVIa5Pg=
gitlab.com/mjwhitta/pathname v1.0.9/go.mod h1:89jSeygMgYX/2gzfrZ6nC9yV8tjVbYrmMd6hk6FaHf8=
gitlab.com/mjwhitta/safety v1.11.0 h1:Q3N8HoD5Wx60UT4I0n/ivFwM+737u9PILq3G0SWgkbI=
gitlab.com/mjwhitta/safety v1.11.0/go.mod h1:wVWKeBfk2rr32ErLuSTu5+U5sgvfsmgSdw7WmrrQkqU=
